
Microsoft Visual Studio Solution File, Format Version 12.00
# Visual Studio Version 17
VisualStudioVersion = 17.8.34408.163
MinimumVisualStudioVersion = 10.0.40219.1
Project("{9A19103F-16F7-4668-BE54-9A1E7A4F7556}") = "CompanyAPI.API", "CompanyAPI.API.csproj", "{DBA818E1-7EAD-491A-B37E-E824A27A7FB7}"
EndProject
Project("{9A19103F-16F7-4668-BE54-9A1E7A4F7556}") = "CompanyAPI.Application", "..\CompanyAPI.Application\CompanyAPI.Application.csproj", "{E8091CE0-5A9C-4773-ACD0-733D42BF2AD8}"
EndProject
Project("{9A19103F-16F7-4668-BE54-9A1E7A4F7556}") = "CompanyAPI.Domain", "..\CompanyAPI.Domain\CompanyAPI.Domain.csproj", "{B69A3BD4-010A-4D54-B4B5-DA900D541566}"
EndProject
Project("{9A19103F-16F7-4668-BE54-9A1E7A4F7556}") = "CompanyAPI.Infrastructure", "..\CompanyAPI.Infrastructure\CompanyAPI.Infrastructure.csproj", "{27EFC7D9-E78C-4362-B08C-4FD406CC595A}"
EndProject
Project("{9A19103F-16F7-4668-BE54-9A1E7A4F7556}") = "CompanyAPI.Tests", "..\CompanyAPI.Tests\CompanyAPI.Tests.csproj", "{6EE1601F-6D84-411D-9FD8-F1A23379F041}"
EndProject
Global
	GlobalSection(SolutionConfigurationPlatforms) = preSolution
		Debug|Any CPU = Debug|Any CPU
		Release|Any CPU = Release|Any CPU
	EndGlobalSection
	GlobalSection(ProjectConfigurationPlatforms) = postSolution
		{DBA818E1-7EAD-491A-B37E-E824A27A7FB7}.Debug|Any CPU.ActiveCfg = Debug|Any CPU
		{DBA818E1-7EAD-491A-B37E-E824A27A7FB7}.Debug|Any CPU.Build.0 = Debug|Any CPU
		{DBA818E1-7EAD-491A-B37E-E824A27A7FB7}.Release|Any CPU.ActiveCfg = Release|Any CPU
		{DBA818E1-7EAD-491A-B37E-E824A27A7FB7}.Release|Any CPU.Build.0 = Release|Any CPU
		{E8091CE0-5A9C-4773-ACD0-733D42BF2AD8}.Debug|Any CPU.ActiveCfg = Debug|Any CPU
		{E8091CE0-5A9C-4773-ACD0-733D42BF2AD8}.Debug|Any CPU.Build.0 = Debug|Any CPU
		{E8091CE0-5A9C-4773-ACD0-733D42BF2AD8}.Release|Any CPU.ActiveCfg = Release|Any CPU
		{E8091CE0-5A9C-4773-ACD0-733D42BF2AD8}.Release|Any CPU.Build.0 = Release|Any CPU
		{B69A3BD4-010A-4D54-B4B5-DA900D541566}.Debug|Any CPU.ActiveCfg = Debug|Any CPU
		{B69A3BD4-010A-4D54-B4B5-DA900D541566}.Debug|Any CPU.Build.0 = Debug|Any CPU
		{B69A3BD4-010A-4D54-B4B5-DA900D541566}.Release|Any CPU.ActiveCfg = Release|Any CPU
		{B69A3BD4-010A-4D54-B4B5-DA900D541566}.Release|Any CPU.Build.0 = Release|Any CPU
		{27EFC7D9-E78C-4362-B08C-4FD406CC595A}.Debug|Any CPU.ActiveCfg = Debug|Any CPU
		{27EFC7D9-E78C-4362-B08C-4FD406CC595A}.Debug|Any CPU.Build.0 = Debug|Any CPU
		{27EFC7D9-E78C-4362-B08C-4FD406CC595A}.Release|Any CPU.ActiveCfg = Release|Any CPU
		{27EFC7D9-E78C-4362-B08C-4FD406CC595A}.Release|Any CPU.Build.0 = Release|Any CPU
		{6EE1601F-6D84-411D-9FD8-F1A23379F041}.Debug|Any CPU.ActiveCfg = Debug|Any CPU
		{6EE1601F-6D84-411D-9FD8-F1A23379F041}.Debug|Any CPU.Build.0 = Debug|Any CPU
		{6EE1601F-6D84-411D-9FD8-F1A23379F041}.Release|Any CPU.ActiveCfg = Release|Any CPU
		{6EE1601F-6D84-411D-9FD8-F1A23379F041}.Release|Any CPU.Build.0 = Release|Any CPU
	EndGlobalSection
	GlobalSection(SolutionProperties) = preSolution
		HideSolutionNode = FALSE
	EndGlobalSection
	GlobalSection(ExtensibilityGlobals) = postSolution
		SolutionGuid = {9409B4A1-09B5-4C78-97C6-6A47C26A1619}
	EndGlobalSection
EndGlobal
